lockfileVersion: '9.0'

settings:
  autoInstallPeers: true
  excludeLinksFromLockfile: false

importers:

  .:
    dependencies:
      '@babel/parser':
        specifier: ^7.16.7
        version: 7.25.3
      '@babel/traverse':
        specifier: ^7.16.7
        version: 7.25.3
      babel-core:
        specifier: ^6.26.3
        version: 6.26.3
      babel-preset-env:
        specifier: ^1.7.0
        version: 1.7.0
      ejs:
        specifier: ^3.1.6
        version: 3.1.10
      tapable:
        specifier: ^2.2.1
        version: 2.2.1

packages:

  '@babel/code-frame@7.24.7':
    resolution: {integrity: sha512-BcYH1CVJBO9tvyIZ2jVeXgSIMvGZ2FDRvDdOIVQyuklNKSsx+eppDEBq/g47Ayw+RqNFE+URvOShmf+f/qwAlA==}
    engines: {node: '>=6.9.0'}

  '@babel/generator@7.25.0':
    resolution: {integrity: sha512-3LEEcj3PVW8pW2R1SR1M89g/qrYk/m/mB/tLqn7dn4sbBUQyTqnlod+II2U4dqiGtUmkcnAmkMDralTFZttRiw==}
    engines: {node: '>=6.9.0'}

  '@babel/helper-string-parser@7.24.8':
    resolution: {integrity: sha512-pO9KhhRcuUyGnJWwyEgnRJTSIZHiT+vMD0kPeD+so0l7mxkMT19g3pjY9GTnHySck/hDzq+dtW/4VgnMkippsQ==}
    engines: {node: '>=6.9.0'}

  '@babel/helper-validator-identifier@7.24.7':
    resolution: {integrity: sha512-rR+PBcQ1SMQDDyF6X0wxtG8QyLCgUB0eRAGguqRLfkCA87l7yAP7ehq8SNj96OOGTO8OBV70KhuFYcIkHXOg0w==}
    engines: {node: '>=6.9.0'}

  '@babel/highlight@7.24.7':
    resolution: {integrity: sha512-EStJpq4OuY8xYfhGVXngigBJRWxftKX9ksiGDnmlY3o7B/V7KIAc9X4oiK87uPJSc/vs5L869bem5fhZa8caZw==}
    engines: {node: '>=6.9.0'}

  '@babel/parser@7.25.3':
    resolution: {integrity: sha512-iLTJKDbJ4hMvFPgQwwsVoxtHyWpKKPBrxkANrSYewDPaPpT5py5yeVkgPIJ7XYXhndxJpaA3PyALSXQ7u8e/Dw==}
    engines: {node: '>=6.0.0'}
    hasBin: true

  '@babel/template@7.25.0':
    resolution: {integrity: sha512-aOOgh1/5XzKvg1jvVz7AVrx2piJ2XBi227DHmbY6y+bM9H2FlN+IfecYu4Xl0cNiiVejlsCri89LUsbj8vJD9Q==}
    engines: {node: '>=6.9.0'}

  '@babel/traverse@7.25.3':
    resolution: {integrity: sha512-HefgyP1x754oGCsKmV5reSmtV7IXj/kpaE1XYY+D9G5PvKKoFfSbiS4M77MdjuwlZKDIKFCffq9rPU+H/s3ZdQ==}
    engines: {node: '>=6.9.0'}

  '@babel/types@7.25.2':
    resolution: {integrity: sha512-YTnYtra7W9e6/oAZEHj0bJehPRUlLH9/fbpT5LfB0NhQXyALCRkRs3zH9v07IYhkgpqX6Z78FnuccZr/l4Fs4Q==}
    engines: {node: '>=6.9.0'}

  '@jridgewell/gen-mapping@0.3.5':
    resolution: {integrity: sha512-IzL8ZoEDIBRWEzlCcRhOaCupYyN5gdIK+Q6fbFdPDg6HqX6jpkItn7DFIpW9LQzXG6Df9sA7+OKnq0qlz/GaQg==}
    engines: {node: '>=6.0.0'}

  '@jridgewell/resolve-uri@3.1.2':
    resolution: {integrity: sha512-bRISgCIjP20/tbWSPWMEi54QVPRZExkuD9lJL+UIxUKtwVJA8wW1Trb1jMs1RFXo1CBTNZ/5hpC9QvmKWdopKw==}
    engines: {node: '>=6.0.0'}

  '@jridgewell/set-array@1.2.1':
    resolution: {integrity: sha512-R8gLRTZeyp03ymzP/6Lil/28tGeGEzhx1q2k703KGWRAI1VdvPIXdG70VJc2pAMw3NA6JKL5hhFu1sJX0Mnn/A==}
    engines: {node: '>=6.0.0'}

  '@jridgewell/sourcemap-codec@1.5.0':
    resolution: {integrity: sha512-gv3ZRaISU3fjPAgNsriBRqGWQL6quFx04YMPW/zD8XMLsU32mhCCbfbO6KZFLjvYpCZ8zyDEgqsgf+PwPaM7GQ==}

  '@jridgewell/trace-mapping@0.3.25':
    resolution: {integrity: sha512-vNk6aEwybGtawWmy/PzwnGDOjCkLWSD2wqvjGGAgOAwCGWySYXfYoxt00IJkTF+8Lb57DwOb3Aa0o9CApepiYQ==}

  ansi-regex@2.1.1:
    resolution: {integrity: sha512-TIGnTpdo+E3+pCyAluZvtED5p5wCqLdezCyhPZzKPcxvFplEt4i+W7OONCKgeZFT3+y5NZZfOOS/Bdcanm1MYA==}
    engines: {node: '>=0.10.0'}

  ansi-styles@2.2.1:
    resolution: {integrity: sha512-kmCevFghRiWM7HB5zTPULl4r9bVFSWjz62MhqizDGUrq2NWuNMQyuv4tHHoKJHs69M/MF64lEcHdYIocrdWQYA==}
    engines: {node: '>=0.10.0'}

  ansi-styles@3.2.1:
    resolution: {integrity: sha512-VT0ZI6kZRdTh8YyJw3SMbYm/u+NqfsAxEpWO0Pf9sq8/e94WxxOpPKx9FR1FlyCtOVDNOQ+8ntlqFxiRc+r5qA==}
    engines: {node: '>=4'}

  ansi-styles@4.3.0:
    resolution: {integrity: sha512-zbB9rCJAT1rbjiVDb2hqKFHNYLxgtk8NURxZ3IZwD3F6NtxbXZQCnnSi1Lkx+IDohdPlFp222wVALIheZJQSEg==}
    engines: {node: '>=8'}

  async@3.2.5:
    resolution: {integrity: sha512-baNZyqaaLhyLVKm/DlvdW051MSgO6b8eVfIezl9E5PqWxFgzLm/wQntEW4zOytVburDEr0JlALEpdOFwvErLsg==}

  babel-code-frame@6.26.0:
    resolution: {integrity: sha512-XqYMR2dfdGMW+hd0IUZ2PwK+fGeFkOxZJ0wY+JaQAHzt1Zx8LcvpiZD2NiGkEG8qx0CfkAOr5xt76d1e8vG90g==}

  babel-core@6.26.3:
    resolution: {integrity: sha512-6jyFLuDmeidKmUEb3NM+/yawG0M2bDZ9Z1qbZP59cyHLz8kYGKYwpJP0UwUKKUiTRNvxfLesJnTedqczP7cTDA==}

  babel-generator@6.26.1:
    resolution: {integrity: sha512-HyfwY6ApZj7BYTcJURpM5tznulaBvyio7/0d4zFOeMPUmfxkCjHocCuoLa2SAGzBI8AREcH3eP3758F672DppA==}

  babel-helper-builder-binary-assignment-operator-visitor@6.24.1:
    resolution: {integrity: sha512-gCtfYORSG1fUMX4kKraymq607FWgMWg+j42IFPc18kFQEsmtaibP4UrqsXt8FlEJle25HUd4tsoDR7H2wDhe9Q==}

  babel-helper-call-delegate@6.24.1:
    resolution: {integrity: sha512-RL8n2NiEj+kKztlrVJM9JT1cXzzAdvWFh76xh/H1I4nKwunzE4INBXn8ieCZ+wh4zWszZk7NBS1s/8HR5jDkzQ==}

  babel-helper-define-map@6.26.0:
    resolution: {integrity: sha512-bHkmjcC9lM1kmZcVpA5t2om2nzT/xiZpo6TJq7UlZ3wqKfzia4veeXbIhKvJXAMzhhEBd3cR1IElL5AenWEUpA==}

  babel-helper-explode-assignable-expression@6.24.1:
    resolution: {integrity: sha512-qe5csbhbvq6ccry9G7tkXbzNtcDiH4r51rrPUbwwoTzZ18AqxWYRZT6AOmxrpxKnQBW0pYlBI/8vh73Z//78nQ==}

  babel-helper-function-name@6.24.1:
    resolution: {integrity: sha512-Oo6+e2iX+o9eVvJ9Y5eKL5iryeRdsIkwRYheCuhYdVHsdEQysbc2z2QkqCLIYnNxkT5Ss3ggrHdXiDI7Dhrn4Q==}

  babel-helper-get-function-arity@6.24.1:
    resolution: {integrity: sha512-WfgKFX6swFB1jS2vo+DwivRN4NB8XUdM3ij0Y1gnC21y1tdBoe6xjVnd7NSI6alv+gZXCtJqvrTeMW3fR/c0ng==}

  babel-helper-hoist-variables@6.24.1:
    resolution: {integrity: sha512-zAYl3tqerLItvG5cKYw7f1SpvIxS9zi7ohyGHaI9cgDUjAT6YcY9jIEH5CstetP5wHIVSceXwNS7Z5BpJg+rOw==}

  babel-helper-optimise-call-expression@6.24.1:
    resolution: {integrity: sha512-Op9IhEaxhbRT8MDXx2iNuMgciu2V8lDvYCNQbDGjdBNCjaMvyLf4wl4A3b8IgndCyQF8TwfgsQ8T3VD8aX1/pA==}

  babel-helper-regex@6.26.0:
    resolution: {integrity: sha512-VlPiWmqmGJp0x0oK27Out1D+71nVVCTSdlbhIVoaBAj2lUgrNjBCRR9+llO4lTSb2O4r7PJg+RobRkhBrf6ofg==}

  babel-helper-remap-async-to-generator@6.24.1:
    resolution: {integrity: sha512-RYqaPD0mQyQIFRu7Ho5wE2yvA/5jxqCIj/Lv4BXNq23mHYu/vxikOy2JueLiBxQknwapwrJeNCesvY0ZcfnlHg==}

  babel-helper-replace-supers@6.24.1:
    resolution: {integrity: sha512-sLI+u7sXJh6+ToqDr57Bv973kCepItDhMou0xCP2YPVmR1jkHSCY+p1no8xErbV1Siz5QE8qKT1WIwybSWlqjw==}

  babel-helpers@6.24.1:
    resolution: {integrity: sha512-n7pFrqQm44TCYvrCDb0MqabAF+JUBq+ijBvNMUxpkLjJaAu32faIexewMumrH5KLLJ1HDyT0PTEqRyAe/GwwuQ==}

  babel-messages@6.23.0:
    resolution: {integrity: sha512-Bl3ZiA+LjqaMtNYopA9TYE9HP1tQ+E5dLxE0XrAzcIJeK2UqF0/EaqXwBn9esd4UmTfEab+P+UYQ1GnioFIb/w==}

  babel-plugin-check-es2015-constants@6.22.0:
    resolution: {integrity: sha512-B1M5KBP29248dViEo1owyY32lk1ZSH2DaNNrXLGt8lyjjHm7pBqAdQ7VKUPR6EEDO323+OvT3MQXbCin8ooWdA==}

  babel-plugin-syntax-async-functions@6.13.0:
    resolution: {integrity: sha512-4Zp4unmHgw30A1eWI5EpACji2qMocisdXhAftfhXoSV9j0Tvj6nRFE3tOmRY912E0FMRm/L5xWE7MGVT2FoLnw==}

  babel-plugin-syntax-exponentiation-operator@6.13.0:
    resolution: {integrity: sha512-Z/flU+T9ta0aIEKl1tGEmN/pZiI1uXmCiGFRegKacQfEJzp7iNsKloZmyJlQr+75FCJtiFfGIK03SiCvCt9cPQ==}

  babel-plugin-syntax-trailing-function-commas@6.22.0:
    resolution: {integrity: sha512-Gx9CH3Q/3GKbhs07Bszw5fPTlU+ygrOGfAhEt7W2JICwufpC4SuO0mG0+4NykPBSYPMJhqvVlDBU17qB1D+hMQ==}

  babel-plugin-transform-async-to-generator@6.24.1:
    resolution: {integrity: sha512-7BgYJujNCg0Ti3x0c/DL3tStvnKS6ktIYOmo9wginv/dfZOrbSZ+qG4IRRHMBOzZ5Awb1skTiAsQXg/+IWkZYw==}

  babel-plugin-transform-es2015-arrow-functions@6.22.0:
    resolution: {integrity: sha512-PCqwwzODXW7JMrzu+yZIaYbPQSKjDTAsNNlK2l5Gg9g4rz2VzLnZsStvp/3c46GfXpwkyufb3NCyG9+50FF1Vg==}

  babel-plugin-transform-es2015-block-scoped-functions@6.22.0:
    resolution: {integrity: sha512-2+ujAT2UMBzYFm7tidUsYh+ZoIutxJ3pN9IYrF1/H6dCKtECfhmB8UkHVpyxDwkj0CYbQG35ykoz925TUnBc3A==}

  babel-plugin-transform-es2015-block-scoping@6.26.0:
    resolution: {integrity: sha512-YiN6sFAQ5lML8JjCmr7uerS5Yc/EMbgg9G8ZNmk2E3nYX4ckHR01wrkeeMijEf5WHNK5TW0Sl0Uu3pv3EdOJWw==}

  babel-plugin-transform-es2015-classes@6.24.1:
    resolution: {integrity: sha512-5Dy7ZbRinGrNtmWpquZKZ3EGY8sDgIVB4CU8Om8q8tnMLrD/m94cKglVcHps0BCTdZ0TJeeAWOq2TK9MIY6cag==}

  babel-plugin-transform-es2015-computed-properties@6.24.1:
    resolution: {integrity: sha512-C/uAv4ktFP/Hmh01gMTvYvICrKze0XVX9f2PdIXuriCSvUmV9j+u+BB9f5fJK3+878yMK6dkdcq+Ymr9mrcLzw==}

  babel-plugin-transform-es2015-destructuring@6.23.0:
    resolution: {integrity: sha512-aNv/GDAW0j/f4Uy1OEPZn1mqD+Nfy9viFGBfQ5bZyT35YqOiqx7/tXdyfZkJ1sC21NyEsBdfDY6PYmLHF4r5iA==}

  babel-plugin-transform-es2015-duplicate-keys@6.24.1:
    resolution: {integrity: sha512-ossocTuPOssfxO2h+Z3/Ea1Vo1wWx31Uqy9vIiJusOP4TbF7tPs9U0sJ9pX9OJPf4lXRGj5+6Gkl/HHKiAP5ug==}

  babel-plugin-transform-es2015-for-of@6.23.0:
    resolution: {integrity: sha512-DLuRwoygCoXx+YfxHLkVx5/NpeSbVwfoTeBykpJK7JhYWlL/O8hgAK/reforUnZDlxasOrVPPJVI/guE3dCwkw==}

  babel-plugin-transform-es2015-function-name@6.24.1:
    resolution: {integrity: sha512-iFp5KIcorf11iBqu/y/a7DK3MN5di3pNCzto61FqCNnUX4qeBwcV1SLqe10oXNnCaxBUImX3SckX2/o1nsrTcg==}

  babel-plugin-transform-es2015-literals@6.22.0:
    resolution: {integrity: sha512-tjFl0cwMPpDYyoqYA9li1/7mGFit39XiNX5DKC/uCNjBctMxyL1/PT/l4rSlbvBG1pOKI88STRdUsWXB3/Q9hQ==}

  babel-plugin-transform-es2015-modules-amd@6.24.1:
    resolution: {integrity: sha512-LnIIdGWIKdw7zwckqx+eGjcS8/cl8D74A3BpJbGjKTFFNJSMrjN4bIh22HY1AlkUbeLG6X6OZj56BDvWD+OeFA==}

  babel-plugin-transform-es2015-modules-commonjs@6.26.2:
    resolution: {integrity: sha512-CV9ROOHEdrjcwhIaJNBGMBCodN+1cfkwtM1SbUHmvyy35KGT7fohbpOxkE2uLz1o6odKK2Ck/tz47z+VqQfi9Q==}

  babel-plugin-transform-es2015-modules-systemjs@6.24.1:
    resolution: {integrity: sha512-ONFIPsq8y4bls5PPsAWYXH/21Hqv64TBxdje0FvU3MhIV6QM2j5YS7KvAzg/nTIVLot2D2fmFQrFWCbgHlFEjg==}

  babel-plugin-transform-es2015-modules-umd@6.24.1:
    resolution: {integrity: sha512-LpVbiT9CLsuAIp3IG0tfbVo81QIhn6pE8xBJ7XSeCtFlMltuar5VuBV6y6Q45tpui9QWcy5i0vLQfCfrnF7Kiw==}

  babel-plugin-transform-es2015-object-super@6.24.1:
    resolution: {integrity: sha512-8G5hpZMecb53vpD3mjs64NhI1au24TAmokQ4B+TBFBjN9cVoGoOvotdrMMRmHvVZUEvqGUPWL514woru1ChZMA==}

  babel-plugin-transform-es2015-parameters@6.24.1:
    resolution: {integrity: sha512-8HxlW+BB5HqniD+nLkQ4xSAVq3bR/pcYW9IigY+2y0dI+Y7INFeTbfAQr+63T3E4UDsZGjyb+l9txUnABWxlOQ==}

  babel-plugin-transform-es2015-shorthand-properties@6.24.1:
    resolution: {integrity: sha512-mDdocSfUVm1/7Jw/FIRNw9vPrBQNePy6wZJlR8HAUBLybNp1w/6lr6zZ2pjMShee65t/ybR5pT8ulkLzD1xwiw==}

  babel-plugin-transform-es2015-spread@6.22.0:
    resolution: {integrity: sha512-3Ghhi26r4l3d0Js933E5+IhHwk0A1yiutj9gwvzmFbVV0sPMYk2lekhOufHBswX7NCoSeF4Xrl3sCIuSIa+zOg==}

  babel-plugin-transform-es2015-sticky-regex@6.24.1:
    resolution: {integrity: sha512-CYP359ADryTo3pCsH0oxRo/0yn6UsEZLqYohHmvLQdfS9xkf+MbCzE3/Kolw9OYIY4ZMilH25z/5CbQbwDD+lQ==}

  babel-plugin-transform-es2015-template-literals@6.22.0:
    resolution: {integrity: sha512-x8b9W0ngnKzDMHimVtTfn5ryimars1ByTqsfBDwAqLibmuuQY6pgBQi5z1ErIsUOWBdw1bW9FSz5RZUojM4apg==}

  babel-plugin-transform-es2015-typeof-symbol@6.23.0:
    resolution: {integrity: sha512-fz6J2Sf4gYN6gWgRZaoFXmq93X+Li/8vf+fb0sGDVtdeWvxC9y5/bTD7bvfWMEq6zetGEHpWjtzRGSugt5kNqw==}

  babel-plugin-transform-es2015-unicode-regex@6.24.1:
    resolution: {integrity: sha512-v61Dbbihf5XxnYjtBN04B/JBvsScY37R1cZT5r9permN1cp+b70DY3Ib3fIkgn1DI9U3tGgBJZVD8p/mE/4JbQ==}

  babel-plugin-transform-exponentiation-operator@6.24.1:
    resolution: {integrity: sha512-LzXDmbMkklvNhprr20//RStKVcT8Cu+SQtX18eMHLhjHf2yFzwtQ0S2f0jQ+89rokoNdmwoSqYzAhq86FxlLSQ==}

  babel-plugin-transform-regenerator@6.26.0:
    resolution: {integrity: sha512-LS+dBkUGlNR15/5WHKe/8Neawx663qttS6AGqoOUhICc9d1KciBvtrQSuc0PI+CxQ2Q/S1aKuJ+u64GtLdcEZg==}

  babel-plugin-transform-strict-mode@6.24.1:
    resolution: {integrity: sha512-j3KtSpjyLSJxNoCDrhwiJad8kw0gJ9REGj8/CqL0HeRyLnvUNYV9zcqluL6QJSXh3nfsLEmSLvwRfGzrgR96Pw==}

  babel-preset-env@1.7.0:
    resolution: {integrity: sha512-9OR2afuKDneX2/q2EurSftUYM0xGu4O2D9adAhVfADDhrYDaxXV0rBbevVYoY9n6nyX1PmQW/0jtpJvUNr9CHg==}

  babel-register@6.26.0:
    resolution: {integrity: sha512-veliHlHX06wjaeY8xNITbveXSiI+ASFnOqvne/LaIJIqOWi2Ogmj91KOugEz/hoh/fwMhXNBJPCv8Xaz5CyM4A==}

  babel-runtime@6.26.0:
    resolution: {integrity: sha512-ITKNuq2wKlW1fJg9sSW52eepoYgZBggvOAHC0u/CYu/qxQ9EVzThCgR69BnSXLHjy2f7SY5zaQ4yt7H9ZVxY2g==}

  babel-template@6.26.0:
    resolution: {integrity: sha512-PCOcLFW7/eazGUKIoqH97sO9A2UYMahsn/yRQ7uOk37iutwjq7ODtcTNF+iFDSHNfkctqsLRjLP7URnOx0T1fg==}

  babel-traverse@6.26.0:
    resolution: {integrity: sha512-iSxeXx7apsjCHe9c7n8VtRXGzI2Bk1rBSOJgCCjfyXb6v1aCqE1KSEpq/8SXuVN8Ka/Rh1WDTF0MDzkvTA4MIA==}

  babel-types@6.26.0:
    resolution: {integrity: sha512-zhe3V/26rCWsEZK8kZN+HaQj5yQ1CilTObixFzKW1UWjqG7618Twz6YEsCnjfg5gBcJh02DrpCkS9h98ZqDY+g==}

  babylon@6.18.0:
    resolution: {integrity: sha512-q/UEjfGJ2Cm3oKV71DJz9d25TPnq5rhBVL2Q4fA5wcC3jcrdn7+SssEybFIxwAvvP+YCsCYNKughoF33GxgycQ==}
    hasBin: true

  balanced-match@1.0.2:
    resolution: {integrity: sha512-3oSeUO0TMV67hN1AmbXsK4yaqU7tjiHlbxRDZOpH0KW9+CeX4bRAaX0Anxt0tx2MrpRpWwQaPwIlISEJhYU5Pw==}

  brace-expansion@1.1.11:
    resolution: {integrity: sha512-iCuPHDFgrHX7H2vEI/5xpz07zSHB00TpugqhmYtVmMO6518mCuRMoOYFldEBl0g187ufozdaHgWKcYFb61qGiA==}

  brace-expansion@2.0.1:
    resolution: {integrity: sha512-XnAIvQ8eM+kC6aULx6wuQiwVsnzsi9d3WxzV3FpWTGA19F621kwdbsAcFKXgKUHZWsy+mY6iL1sHTxWEFCytDA==}

  browserslist@3.2.8:
    resolution: {integrity: sha512-WHVocJYavUwVgVViC0ORikPHQquXwVh939TaelZ4WDqpWgTX/FsGhl/+P4qBUAGcRvtOgDgC+xftNWWp2RUTAQ==}
    hasBin: true

  caniuse-lite@1.0.30001647:
    resolution: {integrity: sha512-n83xdNiyeNcHpzWY+1aFbqCK7LuLfBricc4+alSQL2Xb6OR3XpnQAmlDG+pQcdTfiHRuLcQ96VOfrPSGiNJYSg==}

  chalk@1.1.3:
    resolution: {integrity: sha512-U3lRVLMSlsCfjqYPbLyVv11M9CPW4I728d6TCKMAOJueEeB9/8o+eSsMnxPJD+Q+K909sdESg7C+tIkoH6on1A==}
    engines: {node: '>=0.10.0'}

  chalk@2.4.2:
    resolution: {integrity: sha512-Mti+f9lpJNcwF4tWV8/OrTTtF1gZi+f8FqlyAdouralcFWFQWF2+NgCHShjkCb+IFBLq9buZwE1xckQU4peSuQ==}
    engines: {node: '>=4'}

  chalk@4.1.2:
    resolution: {integrity: sha512-oKnbhFyRIXpUuez8iBMmyEa4nbj4IOQyuhc/wy9kY7/WVPcwIO9VA668Pu8RkO7+0G76SLROeyw9CpQ061i4mA==}
    engines: {node: '>=10'}

  color-convert@1.9.3:
    resolution: {integrity: sha512-QfAUtd+vFdAtFQcC8CCyYt1fYWxSqAiK2cSD6zDB8N3cpsEBAvRxp9zOGg6G/SHHJYAT88/az/IuDGALsNVbGg==}

  color-convert@2.0.1:
    resolution: {integrity: sha512-RRECPsj7iu/xb5oKYcsFHSppFNnsj/52OVTRKb4zP5onXwVF3zVmmToNcOfGC+CRDpfK/U584fMg38ZHCaElKQ==}
    engines: {node: '>=7.0.0'}

  color-name@1.1.3:
    resolution: {integrity: sha512-72fSenhMw2HZMTVHeCA9KCmpEIbzWiQsjN+BHcBbS9vr1mtt+vJjPdksIBNUmKAW8TFUDPJK5SUU3QhE9NEXDw==}

  color-name@1.1.4:
    resolution: {integrity: sha512-dOy+3AuW3a2wNbZHIuMZpTcgjGuLU/uBL/ubcZF9OXbDo8ff4O8yVp5Bf0efS8uEoYo5q4Fx7dY9OgQGXgAsQA==}

  concat-map@0.0.1:
    resolution: {integrity: sha512-/Srv4dswyQNBfohGpz9o6Yb3Gz3SrUDqBH5rTuhGR7ahtlbYKnVxw2bCFMRljaA7EXHaXZ8wsHdodFvbkhKmqg==}

  convert-source-map@1.9.0:
    resolution: {integrity: sha512-ASFBup0Mz1uyiIjANan1jzLQami9z1PoYSZCiiYW2FczPbenXc45FZdBZLzOT+r6+iciuEModtmCti+hjaAk0A==}

  core-js@2.6.12:
    resolution: {integrity: sha512-Kb2wC0fvsWfQrgk8HU5lW6U/Lcs8+9aaYcy4ZFc6DDlo4nZ7n70dEgE5rtR0oG6ufKDUnrwfWL1mXR5ljDatrQ==}
    deprecated: core-js@<3.23.3 is no longer maintained and not recommended for usage due to the number of issues. Because of the V8 engine whims, feature detection in old core-js versions could cause a slowdown up to 100x even if nothing is polyfilled. Some versions have web compatibility issues. Please, upgrade your dependencies to the actual version of core-js.

  debug@2.6.9:
    resolution: {integrity: sha512-bC7ElrdJaJnPbAP+1EotYvqZsb3ecl5wi6Bfi6BJTUcNowp6cvspg0jXznRTKDjm/E7AdgFBVeAPVMNcKGsHMA==}
    peerDependencies:
      supports-color: '*'
    peerDependenciesMeta:
      supports-color:
        optional: true

  debug@4.3.6:
    resolution: {integrity: sha512-O/09Bd4Z1fBrU4VzkhFqVgpPzaGbw6Sm9FEkBT1A/YBXQFGuuSxa1dN2nxgxS34JmKXqYx8CZAwEVoJFImUXIg==}
    engines: {node: '>=6.0'}
    peerDependencies:
      supports-color: '*'
    peerDependenciesMeta:
      supports-color:
        optional: true

  detect-indent@4.0.0:
    resolution: {integrity: sha512-BDKtmHlOzwI7iRuEkhzsnPoi5ypEhWAJB5RvHWe1kMr06js3uK5B3734i3ui5Yd+wOJV1cpE4JnivPD283GU/A==}
    engines: {node: '>=0.10.0'}

  ejs@3.1.10:
    resolution: {integrity: sha512-UeJmFfOrAQS8OJWPZ4qtgHyWExa088/MtK5UEyoJGFH67cDEXkZSviOiKRCZ4Xij0zxI3JECgYs3oKx+AizQBA==}
    engines: {node: '>=0.10.0'}
    hasBin: true

  electron-to-chromium@1.5.4:
    resolution: {integrity: sha512-orzA81VqLyIGUEA77YkVA1D+N+nNfl2isJVjjmOyrlxuooZ19ynb+dOlaDTqd/idKRS9lDCSBmtzM+kyCsMnkA==}

  escape-string-regexp@1.0.5:
    resolution: {integrity: sha512-vbRorB5FUQWvla16U8R/qgaFIya2qGzwDrNmCZuYKrbdSUMG6I1ZCGQRefkRVhuOkIGVne7BQ35DSfo1qvJqFg==}
    engines: {node: '>=0.8.0'}

  esutils@2.0.3:
    resolution: {integrity: sha512-kVscqXk4OCp68SZ0dkgEKVi6/8ij300KBWTJq32P/dYeWTSwK41WyTxalN1eRmA5Z9UU/LX9D7FWSmV9SAYx6g==}
    engines: {node: '>=0.10.0'}

  filelist@1.0.4:
    resolution: {integrity: sha512-w1cEuf3S+DrLCQL7ET6kz+gmlJdbq9J7yXCSjK/OZCPA+qEN1WyF4ZAf0YYJa4/shHJra2t/d/r8SV4Ji+x+8Q==}

  globals@11.12.0:
    resolution: {integrity: sha512-WOBp/EEGUiIsJSp7wcv/y6MO+lV9UoncWqxuFfm8eBwzWNgyfBd6Gz+IeKQ9jCmyhoH99g15M3T+QaVHFjizVA==}
    engines: {node: '>=4'}

  globals@9.18.0:
    resolution: {integrity: sha512-S0nG3CLEQiY/ILxqtztTWH/3iRRdyBLw6KMDxnKMchrtbj2OFmehVh0WUCfW3DUrIgx/qFrJPICrq4Z4sTR9UQ==}
    engines: {node: '>=0.10.0'}

  has-ansi@2.0.0:
    resolution: {integrity: sha512-C8vBJ8DwUCx19vhm7urhTuUsr4/IyP6l4VzNQDv+ryHQObW3TTTp9yB68WpYgRe2bbaGuZ/se74IqFeVnMnLZg==}
    engines: {node: '>=0.10.0'}

  has-flag@3.0.0:
    resolution: {integrity: sha512-sKJf1+ceQBr4SMkvQnBDNDtf4TXpVhVGateu0t918bl30FnbE2m4vNLX+VWe/dpjlb+HugGYzW7uQXH98HPEYw==}
    engines: {node: '>=4'}

  has-flag@4.0.0:
    resolution: {integrity: sha512-EykJT/Q1KjTWctppgIAgfSO0tKVuZUjhgMr17kqTumMl6Afv3EISleU7qZUzoXDFTAHTDC4NOoG/ZxU3EvlMPQ==}
    engines: {node: '>=8'}

  home-or-tmp@2.0.0:
    resolution: {integrity: sha512-ycURW7oUxE2sNiPVw1HVEFsW+ecOpJ5zaj7eC0RlwhibhRBod20muUN8qu/gzx956YrLolVvs1MTXwKgC2rVEg==}
    engines: {node: '>=0.10.0'}

  invariant@2.2.4:
    resolution: {integrity: sha512-phJfQVBuaJM5raOpJjSfkiD6BpbCE4Ns//LaXl6wGYtUBY83nWS6Rf9tXm2e8VaK60JEjYldbPif/A2B1C2gNA==}

  is-finite@1.1.0:
    resolution: {integrity: sha512-cdyMtqX/BOqqNBBiKlIVkytNHm49MtMlYyn1zxzvJKWmFMlGzm+ry5BBfYyeY9YmNKbRSo/o7OX9w9ale0wg3w==}
    engines: {node: '>=0.10.0'}

  jake@10.9.2:
    resolution: {integrity: sha512-2P4SQ0HrLQ+fw6llpLnOaGAvN2Zu6778SJMrCUwns4fOoG9ayrTiZk3VV8sCPkVZF8ab0zksVpS8FDY5pRCNBA==}
    engines: {node: '>=10'}
    hasBin: true

  js-tokens@3.0.2:
    resolution: {integrity: sha512-RjTcuD4xjtthQkaWH7dFlH85L+QaVtSoOyGdZ3g6HFhS9dFNDfLyqgm2NFe2X6cQpeFmt0452FJjFG5UameExg==}

  js-tokens@4.0.0:
    resolution: {integrity: sha512-RdJUflcE3cUzKiMqQgsCu06FPu9UdIJO0beYbPhHN4k6apgJtifcoCtT9bcxOpYBtpD2kCM6Sbzg4CausW/PKQ==}

  jsesc@0.5.0:
    resolution: {integrity: sha512-uZz5UnB7u4T9LvwmFqXii7pZSouaRPorGs5who1Ip7VO0wxanFvBL7GkM6dTHlgX+jhBApRetaWpnDabOeTcnA==}
    hasBin: true

  jsesc@1.3.0:
    resolution: {integrity: sha512-Mke0DA0QjUWuJlhsE0ZPPhYiJkRap642SmI/4ztCFaUs6V2AiH1sfecc+57NgaryfAA2VR3v6O+CSjC1jZJKOA==}
    hasBin: true

  jsesc@2.5.2:
    resolution: {integrity: sha512-OYu7XEzjkCQ3C5Ps3QIZsQfNpqoJyZZA99wd9aWd05NCtC5pWOkShK2mkL6HXQR6/Cy2lbNdPlZBpuQHXE63gA==}
    engines: {node: '>=4'}
    hasBin: true

  json5@0.5.1:
    resolution: {integrity: sha512-4xrs1aW+6N5DalkqSVA8fxh458CXvR99WU8WLKmq4v8eWAL86Xo3BVqyd3SkA9wEVjCMqyvvRRkshAdOnBp5rw==}
    hasBin: true

  lodash@4.17.21:
    resolution: {integrity: sha512-v2kDEe57lecTulaDIuNTPy3Ry4gLGJ6Z1O3vE1krgXZNrsQ+LFTGHVxVjcXPs17LhbZVGedAJv8XZ1tvj5FvSg==}

  loose-envify@1.4.0:
    resolution: {integrity: sha512-lyuxPGr/Wfhrlem2CL/UcnUc1zcqKAImBDzukY7Y5F/yQiNdko6+fRLevlw1HgMySw7f611UIY408EtxRSoK3Q==}
    hasBin: true

  minimatch@3.1.2:
    resolution: {integrity: sha512-J7p63hRiAjw1NDEww1W7i37+ByIrOWO5XQQAzZ3VOcL0PNybwpfmV/N05zFAzwQ9USyEcX6t3UO+K5aqBQOIHw==}

  minimatch@5.1.6:
    resolution: {integrity: sha512-lKwV/1brpG6mBUFHtb7NUmtABCb2WZZmm2wNiOA5hAb8VdCS4B3dtMWyvcoViccwAW/COERjXLt0zP1zXUN26g==}
    engines: {node: '>=10'}

  minimist@1.2.8:
    resolution: {integrity: sha512-2yyAR8qBkN3YuheJanUpWC5U3bb5osDywNB8RzDVlDwDHbocAJveqqj1u8+SVD7jkWT4yvsHCpWqqWqAxb0zCA==}

  mkdirp@0.5.6:
    resolution: {integrity: sha512-FP+p8RB8OWpF3YZBCrP5gtADmtXApB5AMLn+vdyA+PyxCjrCs00mjyUozssO33cwDeT3wNGdLxJ5M//YqtHAJw==}
    hasBin: true

  ms@2.0.0:
    resolution: {integrity: sha512-Tpp60P6IUJDTuOq/5Z8cdskzJujfwqfOTkrwIwj7IRISpnkJnT6SyJ4PCPnGMoFjC9ddhal5KVIYtAt97ix05A==}

  ms@2.1.2:
    resolution: {integrity: sha512-sGkPx+VjMtmA6MX27oA4FBFELFCZZ4S4XqeGOXCv68tT+jb3vk/RyaKWP0PTKyWtmLSM0b+adUTEvbs1PEaH2w==}

  os-homedir@1.0.2:
    resolution: {integrity: sha512-B5JU3cabzk8c67mRRd3ECmROafjYMXbuzlwtqdM8IbS8ktlTix8aFGb2bAGKrSRIlnfKwovGUUr72JUPyOb6kQ==}
    engines: {node: '>=0.10.0'}

  os-tmpdir@1.0.2:
    resolution: {integrity: sha512-D2FR03Vir7FIu45XBY20mTb+/ZSWB00sjU9jdQXt83gDrI4Ztz5Fs7/yy74g2N5SVQY4xY1qDr4rNddwYRVX0g==}
    engines: {node: '>=0.10.0'}

  path-is-absolute@1.0.1:
    resolution: {integrity: sha512-AVbw3UJ2e9bq64vSaS9Am0fje1Pa8pbGqTTsmXfaIiMpnr5DlDhfJOuLj9Sf95ZPVDAUerDfEk88MPmPe7UCQg==}
    engines: {node: '>=0.10.0'}

  picocolors@1.0.1:
    resolution: {integrity: sha512-anP1Z8qwhkbmu7MFP5iTt+wQKXgwzf7zTyGlcdzabySa9vd0Xt392U0rVmz9poOaBj0uHJKyyo9/upk0HrEQew==}

  private@0.1.8:
    resolution: {integrity: sha512-VvivMrbvd2nKkiG38qjULzlc+4Vx4wm/whI9pQD35YrARNnhxeiRktSOhSukRLFNlzg6Br/cJPet5J/u19r/mg==}
    engines: {node: '>= 0.6'}

  regenerate@1.4.2:
    resolution: {integrity: sha512-zrceR/XhGYU/d/opr2EKO7aRHUeiBI8qjtfHqADTwZd6Szfy16la6kqD0MIUs5z5hx6AaKa+PixpPrR289+I0A==}

  regenerator-runtime@0.11.1:
    resolution: {integrity: sha512-MguG95oij0fC3QV3URf4V2SDYGJhJnJGqvIIgdECeODCT98wSWDAJ94SSuVpYQUoTcGUIL6L4yNB7j1DFFHSBg==}

  regenerator-transform@0.10.1:
    resolution: {integrity: sha512-PJepbvDbuK1xgIgnau7Y90cwaAmO/LCLMI2mPvaXq2heGMR3aWW5/BQvYrhJ8jgmQjXewXvBjzfqKcVOmhjZ6Q==}

  regexpu-core@2.0.0:
    resolution: {integrity: sha512-tJ9+S4oKjxY8IZ9jmjnp/mtytu1u3iyIQAfmI51IKWH6bFf7XR1ybtaO6j7INhZKXOTYADk7V5qxaqLkmNxiZQ==}

  regjsgen@0.2.0:
    resolution: {integrity: sha512-x+Y3yA24uF68m5GA+tBjbGYo64xXVJpbToBaWCoSNSc1hdk6dfctaRWrNFTVJZIIhL5GxW8zwjoixbnifnK59g==}

  regjsparser@0.1.5:
    resolution: {integrity: sha512-jlQ9gYLfk2p3V5Ag5fYhA7fv7OHzd1KUH0PRP46xc3TgwjwgROIW572AfYg/X9kaNq/LJnu6oJcFRXlIrGoTRw==}
    hasBin: true

  repeating@2.0.1:
    resolution: {integrity: sha512-ZqtSMuVybkISo2OWvqvm7iHSWngvdaW3IpsT9/uP8v4gMi591LY6h35wdOfvQdWCKFWZWm2Y1Opp4kV7vQKT6A==}
    engines: {node: '>=0.10.0'}

  semver@5.7.2:
    resolution: {integrity: sha512-cBznnQ9KjJqU67B52RMC65CMarK2600WFnbkcaiwWq3xy/5haFJlshgnpjovMVJ+Hff49d8GEn0b87C5pDQ10g==}
    hasBin: true

  slash@1.0.0:
    resolution: {integrity: sha512-3TYDR7xWt4dIqV2JauJr+EJeW356RXijHeUlO+8djJ+uBXPn8/2dpzBc8yQhh583sVvc9CvFAeQVgijsH+PNNg==}
    engines: {node: '>=0.10.0'}

  source-map-support@0.4.18:
    resolution: {integrity: sha512-try0/JqxPLF9nOjvSta7tVondkP5dwgyLDjVoyMDlmjugT2lRZ1OfsrYTkCd2hkDnJTKRbO/Rl3orm8vlsUzbA==}

  source-map@0.5.7:
    resolution: {integrity: sha512-LbrmJOMUSdEVxIKvdcJzQC+nQhe8FUZQTXQy6+I75skNgn3OoQ0DZA8YnFa7gp8tqtL3KPf1kmo0R5DoApeSGQ==}
    engines: {node: '>=0.10.0'}

  strip-ansi@3.0.1:
    resolution: {integrity: sha512-VhumSSbBqDTP8p2ZLKj40UjBCV4+v8bUSEpUb4KjRgWk9pbqGF4REFj6KEagidb2f/M6AzC0EmFyDNGaw9OCzg==}
    engines: {node: '>=0.10.0'}

  supports-color@2.0.0:
    resolution: {integrity: sha512-KKNVtd6pCYgPIKU4cp2733HWYCpplQhddZLBUryaAHou723x+FRzQ5Df824Fj+IyyuiQTRoub4SnIFfIcrp70g==}
    engines: {node: '>=0.8.0'}

  supports-color@5.5.0:
    resolution: {integrity: sha512-QjVjwdXIt408MIiAqCX4oUKsgU2EqAGzs2Ppkm4aQYbjm+ZEWEcW4SfFNTr4uMNZma0ey4f5lgLrkB0aX0QMow==}
    engines: {node: '>=4'}

  supports-color@7.2.0:
    resolution: {integrity: sha512-qpCAvRl9stuOHveKsn7HncJRvv501qIacKzQlO/+Lwxc9+0q2wLyv4Dfvt80/DPn2pqOBsJdDiogXGR9+OvwRw==}
    engines: {node: '>=8'}

  tapable@2.2.1:
    resolution: {integrity: sha512-GNzQvQTOIP6RyTfE2Qxb8ZVlNmw0n88vp1szwWRimP02mnTsx3Wtn5qRdqY9w2XduFNUgvOwhNnQsjwCp+kqaQ==}
    engines: {node: '>=6'}

  to-fast-properties@1.0.3:
    resolution: {integrity: sha512-lxrWP8ejsq+7E3nNjwYmUBMAgjMTZoTI+sdBOpvNyijeDLa29LUn9QaoXAHv4+Z578hbmHHJKZknzxVtvo77og==}
    engines: {node: '>=0.10.0'}

  to-fast-properties@2.0.0:
    resolution: {integrity: sha512-/OaKK0xYrs3DmxRYqL/yDc+FxFUVYhDlXMhRmv3z915w2HF1tnN1omB354j8VUGO/hbRzyD6Y3sA7v7GS/ceog==}
    engines: {node: '>=4'}

  trim-right@1.0.1:
    resolution: {integrity: sha512-WZGXGstmCWgeevgTL54hrCuw1dyMQIzWy7ZfqRJfSmJZBwklI15egmQytFP6bPidmw3M8d5yEowl1niq4vmqZw==}
    engines: {node: '>=0.10.0'}

snapshots:

  '@babel/code-frame@7.24.7':
    dependencies:
      '@babel/highlight': 7.24.7
      picocolors: 1.0.1

  '@babel/generator@7.25.0':
    dependencies:
      '@babel/types': 7.25.2
      '@jridgewell/gen-mapping': 0.3.5
      '@jridgewell/trace-mapping': 0.3.25
      jsesc: 2.5.2

  '@babel/helper-string-parser@7.24.8': {}

  '@babel/helper-validator-identifier@7.24.7': {}

  '@babel/highlight@7.24.7':
    dependencies:
      '@babel/helper-validator-identifier': 7.24.7
      chalk: 2.4.2
      js-tokens: 4.0.0
      picocolors: 1.0.1

  '@babel/parser@7.25.3':
    dependencies:
      '@babel/types': 7.25.2

  '@babel/template@7.25.0':
    dependencies:
      '@babel/code-frame': 7.24.7
      '@babel/parser': 7.25.3
      '@babel/types': 7.25.2

  '@babel/traverse@7.25.3':
    dependencies:
      '@babel/code-frame': 7.24.7
      '@babel/generator': 7.25.0
      '@babel/parser': 7.25.3
      '@babel/template': 7.25.0
      '@babel/types': 7.25.2
      debug: 4.3.6
      globals: 11.12.0
    transitivePeerDependencies:
      - supports-color

  '@babel/types@7.25.2':
    dependencies:
      '@babel/helper-string-parser': 7.24.8
      '@babel/helper-validator-identifier': 7.24.7
      to-fast-properties: 2.0.0

  '@jridgewell/gen-mapping@0.3.5':
    dependencies:
      '@jridgewell/set-array': 1.2.1
      '@jridgewell/sourcemap-codec': 1.5.0
      '@jridgewell/trace-mapping': 0.3.25

  '@jridgewell/resolve-uri@3.1.2': {}

  '@jridgewell/set-array@1.2.1': {}

  '@jridgewell/sourcemap-codec@1.5.0': {}

  '@jridgewell/trace-mapping@0.3.25':
    dependencies:
      '@jridgewell/resolve-uri': 3.1.2
      '@jridgewell/sourcemap-codec': 1.5.0

  ansi-regex@2.1.1: {}

  ansi-styles@2.2.1: {}

  ansi-styles@3.2.1:
    dependencies:
      color-convert: 1.9.3

  ansi-styles@4.3.0:
    dependencies:
      color-convert: 2.0.1

  async@3.2.5: {}

  babel-code-frame@6.26.0:
    dependencies:
      chalk: 1.1.3
      esutils: 2.0.3
      js-tokens: 3.0.2

  babel-core@6.26.3:
    dependencies:
      babel-code-frame: 6.26.0
      babel-generator: 6.26.1
      babel-helpers: 6.24.1
      babel-messages: 6.23.0
      babel-register: 6.26.0
      babel-runtime: 6.26.0
      babel-template: 6.26.0
      babel-traverse: 6.26.0
      babel-types: 6.26.0
      babylon: 6.18.0
      convert-source-map: 1.9.0
      debug: 2.6.9
      json5: 0.5.1
      lodash: 4.17.21
      minimatch: 3.1.2
      path-is-absolute: 1.0.1
      private: 0.1.8
      slash: 1.0.0
      source-map: 0.5.7
    transitivePeerDependencies:
      - supports-color

  babel-generator@6.26.1:
    dependencies:
      babel-messages: 6.23.0
      babel-runtime: 6.26.0
      babel-types: 6.26.0
      detect-indent: 4.0.0
      jsesc: 1.3.0
      lodash: 4.17.21
      source-map: 0.5.7
      trim-right: 1.0.1

  babel-helper-builder-binary-assignment-operator-visitor@6.24.1:
    dependencies:
      babel-helper-explode-assignable-expression: 6.24.1
      babel-runtime: 6.26.0
      babel-types: 6.26.0
    transitivePeerDependencies:
      - supports-color

  babel-helper-call-delegate@6.24.1:
    dependencies:
      babel-helper-hoist-variables: 6.24.1
      babel-runtime: 6.26.0
      babel-traverse: 6.26.0
      babel-types: 6.26.0
    transitivePeerDependencies:
      - supports-color

  babel-helper-define-map@6.26.0:
    dependencies:
      babel-helper-function-name: 6.24.1
      babel-runtime: 6.26.0
      babel-types: 6.26.0
      lodash: 4.17.21
    transitivePeerDependencies:
      - supports-color

  babel-helper-explode-assignable-expression@6.24.1:
    dependencies:
      babel-runtime: 6.26.0
      babel-traverse: 6.26.0
      babel-types: 6.26.0
    transitivePeerDependencies:
      - supports-color

  babel-helper-function-name@6.24.1:
    dependencies:
      babel-helper-get-function-arity: 6.24.1
      babel-runtime: 6.26.0
      babel-template: 6.26.0
      babel-traverse: 6.26.0
      babel-types: 6.26.0
    transitivePeerDependencies:
      - supports-color

  babel-helper-get-function-arity@6.24.1:
    dependencies:
      babel-runtime: 6.26.0
      babel-types: 6.26.0

  babel-helper-hoist-variables@6.24.1:
    dependencies:
      babel-runtime: 6.26.0
      babel-types: 6.26.0

  babel-helper-optimise-call-expression@6.24.1:
    dependencies:
      babel-runtime: 6.26.0
      babel-types: 6.26.0

  babel-helper-regex@6.26.0:
    dependencies:
      babel-runtime: 6.26.0
      babel-types: 6.26.0
      lodash: 4.17.21

  babel-helper-remap-async-to-generator@6.24.1:
    dependencies:
      babel-helper-function-name: 6.24.1
      babel-runtime: 6.26.0
      babel-template: 6.26.0
      babel-traverse: 6.26.0
      babel-types: 6.26.0
    transitivePeerDependencies:
      - supports-color

  babel-helper-replace-supers@6.24.1:
    dependencies:
      babel-helper-optimise-call-expression: 6.24.1
      babel-messages: 6.23.0
      babel-runtime: 6.26.0
      babel-template: 6.26.0
      babel-traverse: 6.26.0
      babel-types: 6.26.0
    transitivePeerDependencies:
      - supports-color

  babel-helpers@6.24.1:
    dependencies:
      babel-runtime: 6.26.0
      babel-template: 6.26.0
    transitivePeerDependencies:
      - supports-color

  babel-messages@6.23.0:
    dependencies:
      babel-runtime: 6.26.0

  babel-plugin-check-es2015-constants@6.22.0:
    dependencies:
      babel-runtime: 6.26.0

  babel-plugin-syntax-async-functions@6.13.0: {}

  babel-plugin-syntax-exponentiation-operator@6.13.0: {}

  babel-plugin-syntax-trailing-function-commas@6.22.0: {}

  babel-plugin-transform-async-to-generator@6.24.1:
    dependencies:
      babel-helper-remap-async-to-generator: 6.24.1
      babel-plugin-syntax-async-functions: 6.13.0
      babel-runtime: 6.26.0
    transitivePeerDependencies:
      - supports-color

  babel-plugin-transform-es2015-arrow-functions@6.22.0:
    dependencies:
      babel-runtime: 6.26.0

  babel-plugin-transform-es2015-block-scoped-functions@6.22.0:
    dependencies:
      babel-runtime: 6.26.0

  babel-plugin-transform-es2015-block-scoping@6.26.0:
    dependencies:
      babel-runtime: 6.26.0
      babel-template: 6.26.0
      babel-traverse: 6.26.0
      babel-types: 6.26.0
      lodash: 4.17.21
    transitivePeerDependencies:
      - supports-color

  babel-plugin-transform-es2015-classes@6.24.1:
    dependencies:
      babel-helper-define-map: 6.26.0
      babel-helper-function-name: 6.24.1
      babel-helper-optimise-call-expression: 6.24.1
      babel-helper-replace-supers: 6.24.1
      babel-messages: 6.23.0
      babel-runtime: 6.26.0
      babel-template: 6.26.0
      babel-traverse: 6.26.0
      babel-types: 6.26.0
    transitivePeerDependencies:
      - supports-color

  babel-plugin-transform-es2015-computed-properties@6.24.1:
    dependencies:
      babel-runtime: 6.26.0
      babel-template: 6.26.0
    transitivePeerDependencies:
      - supports-color

  babel-plugin-transform-es2015-destructuring@6.23.0:
    dependencies:
      babel-runtime: 6.26.0

  babel-plugin-transform-es2015-duplicate-keys@6.24.1:
    dependencies:
      babel-runtime: 6.26.0
      babel-types: 6.26.0

  babel-plugin-transform-es2015-for-of@6.23.0:
    dependencies:
      babel-runtime: 6.26.0

  babel-plugin-transform-es2015-function-name@6.24.1:
    dependencies:
      babel-helper-function-name: 6.24.1
      babel-runtime: 6.26.0
      babel-types: 6.26.0
    transitivePeerDependencies:
      - supports-color

  babel-plugin-transform-es2015-literals@6.22.0:
    dependencies:
      babel-runtime: 6.26.0

  babel-plugin-transform-es2015-modules-amd@6.24.1:
    dependencies:
      babel-plugin-transform-es2015-modules-commonjs: 6.26.2
      babel-runtime: 6.26.0
      babel-template: 6.26.0
    transitivePeerDependencies:
      - supports-color

  babel-plugin-transform-es2015-modules-commonjs@6.26.2:
    dependencies:
      babel-plugin-transform-strict-mode: 6.24.1
      babel-runtime: 6.26.0
      babel-template: 6.26.0
      babel-types: 6.26.0
    transitivePeerDependencies:
      - supports-color

  babel-plugin-transform-es2015-modules-systemjs@6.24.1:
    dependencies:
      babel-helper-hoist-variables: 6.24.1
      babel-runtime: 6.26.0
      babel-template: 6.26.0
    transitivePeerDependencies:
      - supports-color

  babel-plugin-transform-es2015-modules-umd@6.24.1:
    dependencies:
      babel-plugin-transform-es2015-modules-amd: 6.24.1
      babel-runtime: 6.26.0
      babel-template: 6.26.0
    transitivePeerDependencies:
      - supports-color

  babel-plugin-transform-es2015-object-super@6.24.1:
    dependencies:
      babel-helper-replace-supers: 6.24.1
      babel-runtime: 6.26.0
    transitivePeerDependencies:
      - supports-color

  babel-plugin-transform-es2015-parameters@6.24.1:
    dependencies:
      babel-helper-call-delegate: 6.24.1
      babel-helper-get-function-arity: 6.24.1
      babel-runtime: 6.26.0
      babel-template: 6.26.0
      babel-traverse: 6.26.0
      babel-types: 6.26.0
    transitivePeerDependencies:
      - supports-color

  babel-plugin-transform-es2015-shorthand-properties@6.24.1:
    dependencies:
      babel-runtime: 6.26.0
      babel-types: 6.26.0

  babel-plugin-transform-es2015-spread@6.22.0:
    dependencies:
      babel-runtime: 6.26.0

  babel-plugin-transform-es2015-sticky-regex@6.24.1:
    dependencies:
      babel-helper-regex: 6.26.0
      babel-runtime: 6.26.0
      babel-types: 6.26.0

  babel-plugin-transform-es2015-template-literals@6.22.0:
    dependencies:
      babel-runtime: 6.26.0

  babel-plugin-transform-es2015-typeof-symbol@6.23.0:
    dependencies:
      babel-runtime: 6.26.0

  babel-plugin-transform-es2015-unicode-regex@6.24.1:
    dependencies:
      babel-helper-regex: 6.26.0
      babel-runtime: 6.26.0
      regexpu-core: 2.0.0

  babel-plugin-transform-exponentiation-operator@6.24.1:
    dependencies:
      babel-helper-builder-binary-assignment-operator-visitor: 6.24.1
      babel-plugin-syntax-exponentiation-operator: 6.13.0
      babel-runtime: 6.26.0
    transitivePeerDependencies:
      - supports-color

  babel-plugin-transform-regenerator@6.26.0:
    dependencies:
      regenerator-transform: 0.10.1

  babel-plugin-transform-strict-mode@6.24.1:
    dependencies:
      babel-runtime: 6.26.0
      babel-types: 6.26.0

  babel-preset-env@1.7.0:
    dependencies:
      babel-plugin-check-es2015-constants: 6.22.0
      babel-plugin-syntax-trailing-function-commas: 6.22.0
      babel-plugin-transform-async-to-generator: 6.24.1
      babel-plugin-transform-es2015-arrow-functions: 6.22.0
      babel-plugin-transform-es2015-block-scoped-functions: 6.22.0
      babel-plugin-transform-es2015-block-scoping: 6.26.0
      babel-plugin-transform-es2015-classes: 6.24.1
      babel-plugin-transform-es2015-computed-properties: 6.24.1
      babel-plugin-transform-es2015-destructuring: 6.23.0
      babel-plugin-transform-es2015-duplicate-keys: 6.24.1
      babel-plugin-transform-es2015-for-of: 6.23.0
      babel-plugin-transform-es2015-function-name: 6.24.1
      babel-plugin-transform-es2015-literals: 6.22.0
      babel-plugin-transform-es2015-modules-amd: 6.24.1
      babel-plugin-transform-es2015-modules-commonjs: 6.26.2
      babel-plugin-transform-es2015-modules-systemjs: 6.24.1
      babel-plugin-transform-es2015-modules-umd: 6.24.1
      babel-plugin-transform-es2015-object-super: 6.24.1
      babel-plugin-transform-es2015-parameters: 6.24.1
      babel-plugin-transform-es2015-shorthand-properties: 6.24.1
      babel-plugin-transform-es2015-spread: 6.22.0
      babel-plugin-transform-es2015-sticky-regex: 6.24.1
      babel-plugin-transform-es2015-template-literals: 6.22.0
      babel-plugin-transform-es2015-typeof-symbol: 6.23.0
      babel-plugin-transform-es2015-unicode-regex: 6.24.1
      babel-plugin-transform-exponentiation-operator: 6.24.1
      babel-plugin-transform-regenerator: 6.26.0
      browserslist: 3.2.8
      invariant: 2.2.4
      semver: 5.7.2
    transitivePeerDependencies:
      - supports-color

  babel-register@6.26.0:
    dependencies:
      babel-core: 6.26.3
      babel-runtime: 6.26.0
      core-js: 2.6.12
      home-or-tmp: 2.0.0
      lodash: 4.17.21
      mkdirp: 0.5.6
      source-map-support: 0.4.18
    transitivePeerDependencies:
      - supports-color

  babel-runtime@6.26.0:
    dependencies:
      core-js: 2.6.12
      regenerator-runtime: 0.11.1

  babel-template@6.26.0:
    dependencies:
      babel-runtime: 6.26.0
      babel-traverse: 6.26.0
      babel-types: 6.26.0
      babylon: 6.18.0
      lodash: 4.17.21
    transitivePeerDependencies:
      - supports-color

  babel-traverse@6.26.0:
    dependencies:
      babel-code-frame: 6.26.0
      babel-messages: 6.23.0
      babel-runtime: 6.26.0
      babel-types: 6.26.0
      babylon: 6.18.0
      debug: 2.6.9
      globals: 9.18.0
      invariant: 2.2.4
      lodash: 4.17.21
    transitivePeerDependencies:
      - supports-color

  babel-types@6.26.0:
    dependencies:
      babel-runtime: 6.26.0
      esutils: 2.0.3
      lodash: 4.17.21
      to-fast-properties: 1.0.3

  babylon@6.18.0: {}

  balanced-match@1.0.2: {}

  brace-expansion@1.1.11:
    dependencies:
      balanced-match: 1.0.2
      concat-map: 0.0.1

  brace-expansion@2.0.1:
    dependencies:
      balanced-match: 1.0.2

  browserslist@3.2.8:
    dependencies:
      caniuse-lite: 1.0.30001647
      electron-to-chromium: 1.5.4

  caniuse-lite@1.0.30001647: {}

  chalk@1.1.3:
    dependencies:
      ansi-styles: 2.2.1
      escape-string-regexp: 1.0.5
      has-ansi: 2.0.0
      strip-ansi: 3.0.1
      supports-color: 2.0.0

  chalk@2.4.2:
    dependencies:
      ansi-styles: 3.2.1
      escape-string-regexp: 1.0.5
      supports-color: 5.5.0

  chalk@4.1.2:
    dependencies:
      ansi-styles: 4.3.0
      supports-color: 7.2.0

  color-convert@1.9.3:
    dependencies:
      color-name: 1.1.3

  color-convert@2.0.1:
    dependencies:
      color-name: 1.1.4

  color-name@1.1.3: {}

  color-name@1.1.4: {}

  concat-map@0.0.1: {}

  convert-source-map@1.9.0: {}

  core-js@2.6.12: {}

  debug@2.6.9:
    dependencies:
      ms: 2.0.0

  debug@4.3.6:
    dependencies:
      ms: 2.1.2

  detect-indent@4.0.0:
    dependencies:
      repeating: 2.0.1

  ejs@3.1.10:
    dependencies:
      jake: 10.9.2

  electron-to-chromium@1.5.4: {}

  escape-string-regexp@1.0.5: {}

  esutils@2.0.3: {}

  filelist@1.0.4:
    dependencies:
      minimatch: 5.1.6

  globals@11.12.0: {}

  globals@9.18.0: {}

  has-ansi@2.0.0:
    dependencies:
      ansi-regex: 2.1.1

  has-flag@3.0.0: {}

  has-flag@4.0.0: {}

  home-or-tmp@2.0.0:
    dependencies:
      os-homedir: 1.0.2
      os-tmpdir: 1.0.2

  invariant@2.2.4:
    dependencies:
      loose-envify: 1.4.0

  is-finite@1.1.0: {}

  jake@10.9.2:
    dependencies:
      async: 3.2.5
      chalk: 4.1.2
      filelist: 1.0.4
      minimatch: 3.1.2

  js-tokens@3.0.2: {}

  js-tokens@4.0.0: {}

  jsesc@0.5.0: {}

  jsesc@1.3.0: {}

  jsesc@2.5.2: {}

  json5@0.5.1: {}

  lodash@4.17.21: {}

  loose-envify@1.4.0:
    dependencies:
      js-tokens: 4.0.0

  minimatch@3.1.2:
    dependencies:
      brace-expansion: 1.1.11

  minimatch@5.1.6:
    dependencies:
      brace-expansion: 2.0.1

  minimist@1.2.8: {}

  mkdirp@0.5.6:
    dependencies:
      minimist: 1.2.8

  ms@2.0.0: {}

  ms@2.1.2: {}

  os-homedir@1.0.2: {}

  os-tmpdir@1.0.2: {}

  path-is-absolute@1.0.1: {}

  picocolors@1.0.1: {}

  private@0.1.8: {}

  regenerate@1.4.2: {}

  regenerator-runtime@0.11.1: {}

  regenerator-transform@0.10.1:
    dependencies:
      babel-runtime: 6.26.0
      babel-types: 6.26.0
      private: 0.1.8

  regexpu-core@2.0.0:
    dependencies:
      regenerate: 1.4.2
      regjsgen: 0.2.0
      regjsparser: 0.1.5

  regjsgen@0.2.0: {}

  regjsparser@0.1.5:
    dependencies:
      jsesc: 0.5.0

  repeating@2.0.1:
    dependencies:
      is-finite: 1.1.0

  semver@5.7.2: {}

  slash@1.0.0: {}

  source-map-support@0.4.18:
    dependencies:
      source-map: 0.5.7

  source-map@0.5.7: {}

  strip-ansi@3.0.1:
    dependencies:
      ansi-regex: 2.1.1

  supports-color@2.0.0: {}

  supports-color@5.5.0:
    dependencies:
      has-flag: 3.0.0

  supports-color@7.2.0:
    dependencies:
      has-flag: 4.0.0

  tapable@2.2.1: {}

  to-fast-properties@1.0.3: {}

  to-fast-properties@2.0.0: {}

  trim-right@1.0.1: {}
